# This file is automatically @generated by Cargo.
# It is not intended for manual editing.
version = 4

[[package]]
name = "kodegpt-policy"
version = "0.1.0"

[[package]]
name = "kodegpt-protocol"
version = "0.1.0"

[[package]]
name = "kodegpt-runtime"
version = "0.1.0"

[[package]]
name = "kodegpt-sandbox"
version = "0.1.0"

[[package]]
name = "kodegpt-workspace-io"
version = "0.1.0"
